
Microsoft Visual Studio Solution File, Format Version 12.00
# Visual Studio Version 16
VisualStudioVersion = 16.0.31729.503
MinimumVisualStudioVersion = 10.0.40219.1
Project("{FAE04EC0-301F-11D3-BF4B-00C04F79EFBC}") = "WinFormCustomer", "WinFormCustomer\WinFormCustomer.csproj", "{889C8FD3-C453-4677-98AC-8695836BF2C5}"
EndProject
Project("{FAE04EC0-301F-11D3-BF4B-00C04F79EFBC}") = "MiddleLayer", "MiddleLayer\MiddleLayer.csproj", "{FDB45C2E-FDA2-4A83-9CBB-69A61CBEF29B}"
EndProject
Project("{FAE04EC0-301F-11D3-BF4B-00C04F79EFBC}") = "FactoryCustomer", "FactoryCustomer\FactoryCustomer.csproj", "{CF2FA9BA-6C4C-49FD-A061-8EF28D3B0CFF}"
EndProject
Project("{FAE04EC0-301F-11D3-BF4B-00C04F79EFBC}") = "InterfaceCustomer", "InterfaceCustomer\InterfaceCustomer.csproj", "{FCD34E66-04FC-4114-93A2-FDFE268E2138}"
EndProject
Project("{FAE04EC0-301F-11D3-BF4B-00C04F79EFBC}") = "ValidationAlgorithms", "ValidationAlgorithms\ValidationAlgorithms.csproj", "{152AEB40-0719-44FD-921F-0AF216C17406}"
EndProject
Project("{FAE04EC0-301F-11D3-BF4B-00C04F79EFBC}") = "InterfaceDal", "InterfaceDal\InterfaceDal.csproj", "{2E1F4EA2-6FCD-43CC-8753-18F009143D4D}"
EndProject
Project("{FAE04EC0-301F-11D3-BF4B-00C04F79EFBC}") = "CommonDAL", "CommonDAL\CommonDAL.csproj", "{E1431498-BECC-4DF1-A1D0-28BC4313611D}"
EndProject
Project("{FAE04EC0-301F-11D3-BF4B-00C04F79EFBC}") = "AdoDotnetDal", "AdoDotnetDal\AdoDotnetDal.csproj", "{BADABA1B-6691-4141-BC8A-2C0967CA2F66}"
EndProject
Project("{FAE04EC0-301F-11D3-BF4B-00C04F79EFBC}") = "FactoryDal", "FactoryDal\FactoryDal.csproj", "{06E8F579-B57B-4E8A-97C6-A8673676CF33}"
EndProject
Global
	GlobalSection(SolutionConfigurationPlatforms) = preSolution
		Debug|Any CPU = Debug|Any CPU
		Release|Any CPU = Release|Any CPU
	EndGlobalSection
	GlobalSection(ProjectConfigurationPlatforms) = postSolution
		{889C8FD3-C453-4677-98AC-8695836BF2C5}.Debug|Any CPU.ActiveCfg = Debug|Any CPU
		{889C8FD3-C453-4677-98AC-8695836BF2C5}.Debug|Any CPU.Build.0 = Debug|Any CPU
		{889C8FD3-C453-4677-98AC-8695836BF2C5}.Release|Any CPU.ActiveCfg = Release|Any CPU
		{889C8FD3-C453-4677-98AC-8695836BF2C5}.Release|Any CPU.Build.0 = Release|Any CPU
		{FDB45C2E-FDA2-4A83-9CBB-69A61CBEF29B}.Debug|Any CPU.ActiveCfg = Debug|Any CPU
		{FDB45C2E-FDA2-4A83-9CBB-69A61CBEF29B}.Debug|Any CPU.Build.0 = Debug|Any CPU
		{FDB45C2E-FDA2-4A83-9CBB-69A61CBEF29B}.Release|Any CPU.ActiveCfg = Release|Any CPU
		{FDB45C2E-FDA2-4A83-9CBB-69A61CBEF29B}.Release|Any CPU.Build.0 = Release|Any CPU
		{CF2FA9BA-6C4C-49FD-A061-8EF28D3B0CFF}.Debug|Any CPU.ActiveCfg = Debug|Any CPU
		{CF2FA9BA-6C4C-49FD-A061-8EF28D3B0CFF}.Debug|Any CPU.Build.0 = Debug|Any CPU
		{CF2FA9BA-6C4C-49FD-A061-8EF28D3B0CFF}.Release|Any CPU.ActiveCfg = Release|Any CPU
		{CF2FA9BA-6C4C-49FD-A061-8EF28D3B0CFF}.Release|Any CPU.Build.0 = Release|Any CPU
		{FCD34E66-04FC-4114-93A2-FDFE268E2138}.Debug|Any CPU.ActiveCfg = Debug|Any CPU
		{FCD34E66-04FC-4114-93A2-FDFE268E2138}.Debug|Any CPU.Build.0 = Debug|Any CPU
		{FCD34E66-04FC-4114-93A2-FDFE268E2138}.Release|Any CPU.ActiveCfg = Release|Any CPU
		{FCD34E66-04FC-4114-93A2-FDFE268E2138}.Release|Any CPU.Build.0 = Release|Any CPU
		{152AEB40-0719-44FD-921F-0AF216C17406}.Debug|Any CPU.ActiveCfg = Debug|Any CPU
		{152AEB40-0719-44FD-921F-0AF216C17406}.Debug|Any CPU.Build.0 = Debug|Any CPU
		{152AEB40-0719-44FD-921F-0AF216C17406}.Release|Any CPU.ActiveCfg = Release|Any CPU
		{152AEB40-0719-44FD-921F-0AF216C17406}.Release|Any CPU.Build.0 = Release|Any CPU
		{2E1F4EA2-6FCD-43CC-8753-18F009143D4D}.Debug|Any CPU.ActiveCfg = Debug|Any CPU
		{2E1F4EA2-6FCD-43CC-8753-18F009143D4D}.Debug|Any CPU.Build.0 = Debug|Any CPU
		{2E1F4EA2-6FCD-43CC-8753-18F009143D4D}.Release|Any CPU.ActiveCfg = Release|Any CPU
		{2E1F4EA2-6FCD-43CC-8753-18F009143D4D}.Release|Any CPU.Build.0 = Release|Any CPU
		{E1431498-BECC-4DF1-A1D0-28BC4313611D}.Debug|Any CPU.ActiveCfg = Debug|Any CPU
		{E1431498-BECC-4DF1-A1D0-28BC4313611D}.Debug|Any CPU.Build.0 = Debug|Any CPU
		{E1431498-BECC-4DF1-A1D0-28BC4313611D}.Release|Any CPU.ActiveCfg = Release|Any CPU
		{E1431498-BECC-4DF1-A1D0-28BC4313611D}.Release|Any CPU.Build.0 = Release|Any CPU
		{BADABA1B-6691-4141-BC8A-2C0967CA2F66}.Debug|Any CPU.ActiveCfg = Debug|Any CPU
		{BADABA1B-6691-4141-BC8A-2C0967CA2F66}.Debug|Any CPU.Build.0 = Debug|Any CPU
		{BADABA1B-6691-4141-BC8A-2C0967CA2F66}.Release|Any CPU.ActiveCfg = Release|Any CPU
		{BADABA1B-6691-4141-BC8A-2C0967CA2F66}.Release|Any CPU.Build.0 = Release|Any CPU
		{06E8F579-B57B-4E8A-97C6-A8673676CF33}.Debug|Any CPU.ActiveCfg = Debug|Any CPU
		{06E8F579-B57B-4E8A-97C6-A8673676CF33}.Debug|Any CPU.Build.0 = Debug|Any CPU
		{06E8F579-B57B-4E8A-97C6-A8673676CF33}.Release|Any CPU.ActiveCfg = Release|Any CPU
		{06E8F579-B57B-4E8A-97C6-A8673676CF33}.Release|Any CPU.Build.0 = Release|Any CPU
	EndGlobalSection
	GlobalSection(SolutionProperties) = preSolution
		HideSolutionNode = FALSE
	EndGlobalSection
	GlobalSection(ExtensibilityGlobals) = postSolution
		SolutionGuid = {F18D3E50-A1C7-48C3-86C4-60D59A923A59}
	EndGlobalSection
EndGlobal
